
Microsoft Visual Studio Solution File, Format Version 12.00
# Visual Studio Version 16
VisualStudioVersion = 16.0.30907.101
MinimumVisualStudioVersion = 10.0.40219.1
Project("{FAE04EC0-301F-11D3-BF4B-00C04F79EFBC}") = "calculator_alex", "calculator_alex.csproj", "{49E1EFE4-A671-4F1A-8D1F-BBEBF2B4F3ED}"
EndProject
Global
	GlobalSection(SolutionConfigurationPlatforms) = preSolution
		Debug|Any CPU = Debug|Any CPU
		Release|Any CPU = Release|Any CPU
	EndGlobalSection
	GlobalSection(ProjectConfigurationPlatforms) = postSolution
		{49E1EFE4-A671-4F1A-8D1F-BBEBF2B4F3ED}.Debug|Any CPU.ActiveCfg = Debug|Any CPU
		{49E1EFE4-A671-4F1A-8D1F-BBEBF2B4F3ED}.Debug|Any CPU.Build.0 = Debug|Any CPU
		{49E1EFE4-A671-4F1A-8D1F-BBEBF2B4F3ED}.Release|Any CPU.ActiveCfg = Release|Any CPU
		{49E1EFE4-A671-4F1A-8D1F-BBEBF2B4F3ED}.Release|Any CPU.Build.0 = Release|Any CPU
	EndGlobalSection
	GlobalSection(SolutionProperties) = preSolution
		HideSolutionNode = FALSE
	EndGlobalSection
	GlobalSection(ExtensibilityGlobals) = postSolution
		SolutionGuid = {A279DEDD-BBF7-40D7-9ED4-049E5F87FC97}
	EndGlobalSection
EndGlobal
